
Microsoft Visual Studio Solution File, Format Version 12.00
Project("{FAE04EC0-301F-11D3-BF4B-00C04F79EFBC}") = "Niox", "Niox\Niox.csproj", "{19019BC6-6200-4C81-A354-1C7F6AF2A5C4}"
EndProject
Global
	GlobalSection(SolutionConfigurationPlatforms) = preSolution
		Debug|Any CPU = Debug|Any CPU
		Release|Any CPU = Release|Any CPU
	EndGlobalSection
	GlobalSection(ProjectConfigurationPlatforms) = postSolution
		{19019BC6-6200-4C81-A354-1C7F6AF2A5C4}.Debug|Any CPU.ActiveCfg = Debug|Any CPU
		{19019BC6-6200-4C81-A354-1C7F6AF2A5C4}.Debug|Any CPU.Build.0 = Debug|Any CPU
		{19019BC6-6200-4C81-A354-1C7F6AF2A5C4}.Release|Any CPU.ActiveCfg = Release|Any CPU
		{19019BC6-6200-4C81-A354-1C7F6AF2A5C4}.Release|Any CPU.Build.0 = Release|Any CPU
	EndGlobalSection
EndGlobal
