
Microsoft Visual Studio Solution File, Format Version 12.00
Project("{FAE04EC0-301F-11D3-BF4B-00C04F79EFBC}") = "TcpClientGenericSPlus", "TcpClientGenericSPlus\TcpClientGenericSPlus.csproj", "{AFA9F4BA-AC9F-4F81-9B65-9E6C22191952}"
EndProject
Global
	GlobalSection(SolutionConfigurationPlatforms) = preSolution
		Debug|Any CPU = Debug|Any CPU
		Release|Any CPU = Release|Any CPU
	EndGlobalSection
	GlobalSection(ProjectConfigurationPlatforms) = postSolution
		{AFA9F4BA-AC9F-4F81-9B65-9E6C22191952}.Debug|Any CPU.ActiveCfg = Debug|Any CPU
		{AFA9F4BA-AC9F-4F81-9B65-9E6C22191952}.Debug|Any CPU.Build.0 = Debug|Any CPU
		{AFA9F4BA-AC9F-4F81-9B65-9E6C22191952}.Release|Any CPU.ActiveCfg = Release|Any CPU
		{AFA9F4BA-AC9F-4F81-9B65-9E6C22191952}.Release|Any CPU.Build.0 = Release|Any CPU
	EndGlobalSection
EndGlobal
